
Microsoft Visual Studio Solution File, Format Version 11.00
# Visual Studio 2010
Project("{FAE04EC0-301F-11D3-BF4B-00C04F79EFBC}") = "UTS Pemrograman Game_19050974041_Havina Azka Nafilah_PTI19", "Assembly-CSharp.csproj", "{923BE490-6540-B7C3-179A-BE4EDB6916BE}"
EndProject
Global
	GlobalSection(SolutionConfigurationPlatforms) = preSolution
		Debug|Any CPU = Debug|Any CPU
		Release|Any CPU = Release|Any CPU
	EndGlobalSection
	GlobalSection(ProjectConfigurationPlatforms) = postSolution
		{923BE490-6540-B7C3-179A-BE4EDB6916BE}.Debug|Any CPU.ActiveCfg = Debug|Any CPU
		{923BE490-6540-B7C3-179A-BE4EDB6916BE}.Debug|Any CPU.Build.0 = Debug|Any CPU
		{923BE490-6540-B7C3-179A-BE4EDB6916BE}.Release|Any CPU.ActiveCfg = Release|Any CPU
		{923BE490-6540-B7C3-179A-BE4EDB6916BE}.Release|Any CPU.Build.0 = Release|Any CPU
	EndGlobalSection
	GlobalSection(SolutionProperties) = preSolution
		HideSolutionNode = FALSE
	EndGlobalSection
	GlobalSection(MonoDevelopProperties) = preSolution
		StartupItem = Assembly-CSharp.csproj
	EndGlobalSection
EndGlobal
